{
  "requires": true,
  "lockfileVersion": 1,
  "dependencies": {
    "bower": {
      "version": "1.8.13",
      "resolved": "https://registry.npmjs.org/bower/-/bower-1.8.13.tgz",
      "integrity": "sha512-8eWko16JlCTdaZZG70kddHPed17pHEbH8/IjfP4IFkQsfEqRsyNM09Dc8cDBFkSvtQ/2lTea7A+bMhRggG2a+Q=="
    },
    "ko-querystring": {
      "version": "2.0.3",
      "resolved": "https://registry.npmjs.org/ko-querystring/-/ko-querystring-2.0.3.tgz",
      "integrity": "sha1-9VDzGt38Qx3kVfOkHwkdlXAm8lA="
    }
  }
}
